
Microsoft Visual Studio Solution File, Format Version 12.00
# Visual Studio Version 17
VisualStudioVersion = 17.6.33829.357
MinimumVisualStudioVersion = 10.0.40219.1
Project("{FAE04EC0-301F-11D3-BF4B-00C04F79EFBC}") = "Wrapper", "Wrapper.csproj", "{D27F40A9-9B3D-4D93-9B32-CF9AC3250F5B}"
EndProject
Global
	GlobalSection(SolutionConfigurationPlatforms) = preSolution
		Debug|Any CPU = Debug|Any CPU
		Release|Any CPU = Release|Any CPU
	EndGlobalSection
	GlobalSection(ProjectConfigurationPlatforms) = postSolution
		{D27F40A9-9B3D-4D93-9B32-CF9AC3250F5B}.Debug|Any CPU.ActiveCfg = Debug|Any CPU
		{D27F40A9-9B3D-4D93-9B32-CF9AC3250F5B}.Debug|Any CPU.Build.0 = Debug|Any CPU
		{D27F40A9-9B3D-4D93-9B32-CF9AC3250F5B}.Release|Any CPU.ActiveCfg = Release|Any CPU
		{D27F40A9-9B3D-4D93-9B32-CF9AC3250F5B}.Release|Any CPU.Build.0 = Release|Any CPU
	EndGlobalSection
	GlobalSection(SolutionProperties) = preSolution
		HideSolutionNode = FALSE
	EndGlobalSection
	GlobalSection(ExtensibilityGlobals) = postSolution
		SolutionGuid = {7C062E30-1819-4BEA-854A-38C08BFB27B5}
	EndGlobalSection
EndGlobal
